# @generated by Move, please check-in and do not edit manually.

[move]
version = 3
manifest_digest = "DB01AC45710F9FE8C35B4D23175C3B2AC1D7423457B16E93A09426201837F374"
deps_digest = "F8BBB0CCB2491CA29A3DF03D6F92277A4F3574266507ACD77214D37ECA3F3082"
dependencies = [
  { id = "Sui", name = "Sui" },
]

[[move.package]]
id = "MoveStdlib"
source = { git = "https://github.com/MystenLabs/sui.git", rev = "framework/testnet", subdir = "crates/sui-framework/packages/move-stdlib" }

[[move.package]]
id = "Sui"
source = { git = "https://github.com/MystenLabs/sui.git", rev = "framework/testnet", subdir = "crates/sui-framework/packages/sui-framework" }

dependencies = [
  { id = "MoveStdlib", name = "MoveStdlib" },
]

[move.toolchain-version]
compiler-version = "1.41.0"
edition = "2024.beta"
flavor = "sui"

[env]

[env.testnet]
chain-id = "4c78adac"
original-published-id = "0x912c2fa85cec7492685e02c658c16bd663678ae7f834ee81cc54cbeb42d4bad3"
latest-published-id = "0x912c2fa85cec7492685e02c658c16bd663678ae7f834ee81cc54cbeb42d4bad3"
published-version = "1"
