# @generated by Move, please check-in and do not edit manually.

[move]
version = 3
manifest_digest = "ED0C1B6F530AAAA4FE025C8A6905783F96E3CCD9D873DCE35766E3965C1B9B3C"
deps_digest = "F8BBB0CCB2491CA29A3DF03D6F92277A4F3574266507ACD77214D37ECA3F3082"
dependencies = [
  { id = "Sui", name = "Sui" },
]

[[move.package]]
id = "MoveStdlib"
source = { git = "https://github.com/MystenLabs/sui.git", rev = "framework/testnet", subdir = "crates/sui-framework/packages/move-stdlib" }

[[move.package]]
id = "Sui"
source = { git = "https://github.com/MystenLabs/sui.git", rev = "framework/testnet", subdir = "crates/sui-framework/packages/sui-framework" }

dependencies = [
  { id = "MoveStdlib", name = "MoveStdlib" },
]

[move.toolchain-version]
compiler-version = "1.41.0"
edition = "2024.beta"
flavor = "sui"

[env]

[env.testnet]
chain-id = "4c78adac"
original-published-id = "0x9ed28c4f65d3b8c6e0d4a56c80a6ebed76a02e0adf958e455465dfb742e9a269"
latest-published-id = "0x9ed28c4f65d3b8c6e0d4a56c80a6ebed76a02e0adf958e455465dfb742e9a269"
published-version = "1"
