# @generated by Move, please check-in and do not edit manually.

[move]
version = 3
manifest_digest = "AB425EC170DDA443DF1E40FA9E9A1B09D6E4B2087398B1C1D1C1528593FF5FD9"
deps_digest = "F8BBB0CCB2491CA29A3DF03D6F92277A4F3574266507ACD77214D37ECA3F3082"
dependencies = [
  { id = "Sui", name = "Sui" },
]

[[move.package]]
id = "MoveStdlib"
source = { git = "https://github.com/MystenLabs/sui.git", rev = "framework/devnet", subdir = "crates/sui-framework/packages/move-stdlib" }

[[move.package]]
id = "Sui"
source = { git = "https://github.com/MystenLabs/sui.git", rev = "framework/devnet", subdir = "crates/sui-framework/packages/sui-framework" }

dependencies = [
  { id = "MoveStdlib", name = "MoveStdlib" },
]

[move.toolchain-version]
compiler-version = "1.38.3"
edition = "2024.beta"
flavor = "sui"

[env]

[env.devnet]
chain-id = "5755bca6"
original-published-id = "0x60028907180f865d6ee764f6c80f40c4cf090fafbe22fc4453f7b175ca0f390c"
latest-published-id = "0x60028907180f865d6ee764f6c80f40c4cf090fafbe22fc4453f7b175ca0f390c"
published-version = "1"
