# @generated by Move, please check-in and do not edit manually.

[move]
version = 3
manifest_digest = "4752E66FD19B23D66834872B14121CB5AD0713023F79503FB11A9051DDD1351D"
deps_digest = "F8BBB0CCB2491CA29A3DF03D6F92277A4F3574266507ACD77214D37ECA3F3082"
dependencies = [
  { id = "Sui", name = "Sui" },
]

[[move.package]]
id = "MoveStdlib"
source = { git = "https://github.com/MystenLabs/sui.git", rev = "framework/testnet", subdir = "crates/sui-framework/packages/move-stdlib" }

[[move.package]]
id = "Sui"
source = { git = "https://github.com/MystenLabs/sui.git", rev = "framework/testnet", subdir = "crates/sui-framework/packages/sui-framework" }

dependencies = [
  { id = "MoveStdlib", name = "MoveStdlib" },
]

[move.toolchain-version]
compiler-version = "1.41.0"
edition = "2024.beta"
flavor = "sui"

[env]

[env.testnet]
chain-id = "4c78adac"
original-published-id = "0x90738621e773c9c365d51c3bcf20ae4e355092e8eb5b6b9d3eb84c2b9d8b11b0"
latest-published-id = "0x90738621e773c9c365d51c3bcf20ae4e355092e8eb5b6b9d3eb84c2b9d8b11b0"
published-version = "1"
