# @generated by Move, please check-in and do not edit manually.

[move]
version = 3
manifest_digest = "13BB923C598DAAF99B151B50092DD4ABE7CAA2E099D6F9D5AD1A9DF28FF192DE"
deps_digest = "F8BBB0CCB2491CA29A3DF03D6F92277A4F3574266507ACD77214D37ECA3F3082"
dependencies = [
  { id = "Sui", name = "Sui" },
]

[[move.package]]
id = "MoveStdlib"
source = { git = "https://github.com/MystenLabs/sui.git", rev = "framework/testnet", subdir = "crates/sui-framework/packages/move-stdlib" }

[[move.package]]
id = "Sui"
source = { git = "https://github.com/MystenLabs/sui.git", rev = "framework/testnet", subdir = "crates/sui-framework/packages/sui-framework" }

dependencies = [
  { id = "MoveStdlib", name = "MoveStdlib" },
]

[move.toolchain-version]
compiler-version = "1.38.3"
edition = "2024.beta"
flavor = "sui"

[env]

[env.testnet]
chain-id = "4c78adac"
original-published-id = "0x5df8dcc9a898a3b2c3056074d1a56c271079a2765bbc76d740a03531065fa4a2"
latest-published-id = "0x5df8dcc9a898a3b2c3056074d1a56c271079a2765bbc76d740a03531065fa4a2"
published-version = "1"
