# @generated by Move, please check-in and do not edit manually.

[move]
version = 3
manifest_digest = "09987F7B8BF30901E64502C4554F2AE1626F8874856143A2119E623178E9CF21"
deps_digest = "3C4103934B1E040BB6B23F1D610B4EF9F2F1166A50A104EADCF77467C004C600"
dependencies = [
  { id = "Sui", name = "Sui" },
  { id = "my_faucet_coin", name = "my_faucet_coin" },
]

[[move.package]]
id = "MoveStdlib"
source = { git = "https://github.com/MystenLabs/sui.git", rev = "framework/testnet", subdir = "crates/sui-framework/packages/move-stdlib" }

[[move.package]]
id = "Sui"
source = { git = "https://github.com/MystenLabs/sui.git", rev = "framework/testnet", subdir = "crates/sui-framework/packages/sui-framework" }

dependencies = [
  { id = "MoveStdlib", name = "MoveStdlib" },
]

[[move.package]]
id = "my_faucet_coin"
source = { local = "../../task2/my_faucet_coin" }

dependencies = [
  { id = "Sui", name = "Sui" },
]

[move.toolchain-version]
compiler-version = "1.39.3"
edition = "2024.beta"
flavor = "sui"

[env]

[env.testnet]
chain-id = "4c78adac"
original-published-id = "0xf9fbea073f644e578bcb239b8398c6b93524815543e01443dce39fdc1c820283"
latest-published-id = "0xf9fbea073f644e578bcb239b8398c6b93524815543e01443dce39fdc1c820283"
published-version = "1"
