# @generated by Move, please check-in and do not edit manually.

[move]
version = 3
manifest_digest = "A6ACEF846575CB8578B2922DD759098E065CCACB1E982F8539702520C8569A3A"
deps_digest = "F8BBB0CCB2491CA29A3DF03D6F92277A4F3574266507ACD77214D37ECA3F3082"
dependencies = [
  { id = "Sui", name = "Sui" },
]

[[move.package]]
id = "MoveStdlib"
source = { git = "https://github.com/MystenLabs/sui.git", rev = "framework/testnet", subdir = "crates/sui-framework/packages/move-stdlib" }

[[move.package]]
id = "Sui"
source = { git = "https://github.com/MystenLabs/sui.git", rev = "framework/testnet", subdir = "crates/sui-framework/packages/sui-framework" }

dependencies = [
  { id = "MoveStdlib", name = "MoveStdlib" },
]

[move.toolchain-version]
compiler-version = "1.41.0"
edition = "2024.beta"
flavor = "sui"

[env]

[env.testnet]
chain-id = "4c78adac"
original-published-id = "0x68caee0f2eb2ccc64c08f9f060f5caf3d99990622806cea53617ada80a24b13d"
latest-published-id = "0x68caee0f2eb2ccc64c08f9f060f5caf3d99990622806cea53617ada80a24b13d"
published-version = "1"
