# @generated by Move, please check-in and do not edit manually.

[move]
version = 3
manifest_digest = "CA9364C8D1A7F1366EABD04300D4DAC791A08390A1CD5ED1555820486526D893"
deps_digest = "F8BBB0CCB2491CA29A3DF03D6F92277A4F3574266507ACD77214D37ECA3F3082"
dependencies = [
  { id = "Sui", name = "Sui" },
]

[[move.package]]
id = "MoveStdlib"
source = { git = "https://github.com/MystenLabs/sui.git", rev = "framework/testnet", subdir = "crates/sui-framework/packages/move-stdlib" }

[[move.package]]
id = "Sui"
source = { git = "https://github.com/MystenLabs/sui.git", rev = "framework/testnet", subdir = "crates/sui-framework/packages/sui-framework" }

dependencies = [
  { id = "MoveStdlib", name = "MoveStdlib" },
]

[move.toolchain-version]
compiler-version = "1.41.0"
edition = "2024.beta"
flavor = "sui"

[env]

[env.testnet]
chain-id = "4c78adac"
original-published-id = "0x4d54685adc49b6f3a1f18b2f4f6bf1ede5f69869ec0017961b708cc6e9e84e55"
latest-published-id = "0x4d54685adc49b6f3a1f18b2f4f6bf1ede5f69869ec0017961b708cc6e9e84e55"
published-version = "1"
