# @generated by Move, please check-in and do not edit manually.

[move]
version = 3
manifest_digest = "F61DC88822814D8925E12577A795802D49A9482EFF33FB8044CCBA7FF3B8ABF6"
deps_digest = "F8BBB0CCB2491CA29A3DF03D6F92277A4F3574266507ACD77214D37ECA3F3082"
dependencies = [
  { id = "Sui", name = "Sui" },
]

[[move.package]]
id = "MoveStdlib"
source = { git = "https://github.com/MystenLabs/sui.git", rev = "framework/testnet", subdir = "crates/sui-framework/packages/move-stdlib" }

[[move.package]]
id = "Sui"
source = { git = "https://github.com/MystenLabs/sui.git", rev = "framework/testnet", subdir = "crates/sui-framework/packages/sui-framework" }

dependencies = [
  { id = "MoveStdlib", name = "MoveStdlib" },
]

[move.toolchain-version]
compiler-version = "1.41.0"
edition = "2024.beta"
flavor = "sui"

[env]

[env.testnet]
chain-id = "4c78adac"
original-published-id = "0x6134d61b12e2067baf39701cf98ce2100264fe75de6e8e6d26dca5e163554077"
latest-published-id = "0x6134d61b12e2067baf39701cf98ce2100264fe75de6e8e6d26dca5e163554077"
published-version = "1"
