# @generated by Move, please check-in and do not edit manually.

[move]
version = 3
manifest_digest = "DCEE85BE9CF0DCBC0BFBC55E58A58F2820BD50752CC4B73164EB0919E38FD2BD"
deps_digest = "F8BBB0CCB2491CA29A3DF03D6F92277A4F3574266507ACD77214D37ECA3F3082"
dependencies = [
  { id = "Sui", name = "Sui" },
]

[[move.package]]
id = "MoveStdlib"
source = { git = "https://github.com/MystenLabs/sui.git", rev = "framework/testnet", subdir = "crates/sui-framework/packages/move-stdlib" }

[[move.package]]
id = "Sui"
source = { git = "https://github.com/MystenLabs/sui.git", rev = "framework/testnet", subdir = "crates/sui-framework/packages/sui-framework" }

dependencies = [
  { id = "MoveStdlib", name = "MoveStdlib" },
]

[move.toolchain-version]
compiler-version = "1.42.0"
edition = "2024.beta"
flavor = "sui"

[env]

[env.testnet]
chain-id = "4c78adac"
original-published-id = "0x89a3eaba9bdf8df6410707cbe1d7fa31efa7f7070387dcc1c4d7318b3d0c4c4b"
latest-published-id = "0x89a3eaba9bdf8df6410707cbe1d7fa31efa7f7070387dcc1c4d7318b3d0c4c4b"
published-version = "1"
