# @generated by Move, please check-in and do not edit manually.

[move]
version = 3
manifest_digest = "8E71DE311F7C8E4228EF8C727C1BCE09C3AF8C1D11CB73AD4ABF7259B895BAF1"
deps_digest = "060AD7E57DFB13104F21BE5F5C3759D03F0553FC3229247D9A7A6B45F50D03A3"
dependencies = [
  { id = "Sui", name = "Sui" },
  { id = "my_coin", name = "my_coin" },
  { id = "my_faucet_coin", name = "my_faucet_coin" },
]

[[move.package]]
id = "MoveStdlib"
source = { git = "https://github.com/MystenLabs/sui.git", rev = "framework/testnet", subdir = "crates/sui-framework/packages/move-stdlib" }

[[move.package]]
id = "Sui"
source = { git = "https://github.com/MystenLabs/sui.git", rev = "framework/testnet", subdir = "crates/sui-framework/packages/sui-framework" }

dependencies = [
  { id = "MoveStdlib", name = "MoveStdlib" },
]

[[move.package]]
id = "my_coin"
source = { local = "../../task2/my_coin" }

dependencies = [
  { id = "Sui", name = "Sui" },
]

[[move.package]]
id = "my_faucet_coin"
source = { local = "../../task2/my_faucet_coin" }

dependencies = [
  { id = "Sui", name = "Sui" },
]

[move.toolchain-version]
compiler-version = "1.39.3"
edition = "2024.beta"
flavor = "sui"

[env]

[env.testnet]
chain-id = "4c78adac"
original-published-id = "0x8834925a29a2ae5032adfb7381302fb9ca6ce50e5612e54d657f18ba4aaee5ea"
latest-published-id = "0x8834925a29a2ae5032adfb7381302fb9ca6ce50e5612e54d657f18ba4aaee5ea"
published-version = "1"
