# @generated by Move, please check-in and do not edit manually.

[move]
version = 3
manifest_digest = "74DD5357818DB3BDA1F1A2CB3EA21C132DD568542F6159E9915A3BD369CCF23A"
deps_digest = "F8BBB0CCB2491CA29A3DF03D6F92277A4F3574266507ACD77214D37ECA3F3082"
dependencies = [
  { id = "Sui", name = "Sui" },
]

[[move.package]]
id = "MoveStdlib"
source = { git = "https://github.com/MystenLabs/sui.git", rev = "mainnet-v1.23.1", subdir = "crates/sui-framework/packages/move-stdlib" }

[[move.package]]
id = "Sui"
source = { git = "https://github.com/MystenLabs/sui.git", rev = "mainnet-v1.23.1", subdir = "crates/sui-framework/packages/sui-framework" }

dependencies = [
  { id = "MoveStdlib", name = "MoveStdlib" },
]

[move.toolchain-version]
compiler-version = "1.37.1"
edition = "2024.beta"
flavor = "sui"

[env]

[env.testnet]
chain-id = "4c78adac"
original-published-id = "0x29887f766c031d38fd46199849ddda989b28f6a444900210e1d39600d66212fa"
latest-published-id = "0x29887f766c031d38fd46199849ddda989b28f6a444900210e1d39600d66212fa"
published-version = "1"
