# @generated by Move, please check-in and do not edit manually.

[move]
version = 3
manifest_digest = "ABC6F38495BE2B66610DA1646581A18F2169DEBF16FF805B42BC2E01B0951E42"
deps_digest = "3C4103934B1E040BB6B23F1D610B4EF9F2F1166A50A104EADCF77467C004C600"
dependencies = [
  { id = "Sui", name = "Sui" },
  { id = "faucet_coin", name = "faucet_coin" },
]

[[move.package]]
id = "MoveStdlib"
source = { git = "https://github.com/MystenLabs/sui.git", rev = "framework/testnet", subdir = "crates/sui-framework/packages/move-stdlib" }

[[move.package]]
id = "Sui"
source = { git = "https://github.com/MystenLabs/sui.git", rev = "framework/testnet", subdir = "crates/sui-framework/packages/sui-framework" }

dependencies = [
  { id = "MoveStdlib", name = "MoveStdlib" },
]

[[move.package]]
id = "faucet_coin"
source = { local = "../task2/faucet_coin" }

dependencies = [
  { id = "Sui", name = "Sui" },
]

[move.toolchain-version]
compiler-version = "1.39.3"
edition = "2024.beta"
flavor = "sui"

[env]

[env.testnet]
chain-id = "4c78adac"
original-published-id = "0x043882e13cc12f0381cb4cfe3989cb9166ccd45609f391ca8d4383dae04ac382"
latest-published-id = "0x043882e13cc12f0381cb4cfe3989cb9166ccd45609f391ca8d4383dae04ac382"
published-version = "1"
