# @generated by Move, please check-in and do not edit manually.

[move]
version = 3
manifest_digest = "04A56900C4A9C35D522EDA65B29D8C03ED7A1320DD6915A02A30872EE939260F"
deps_digest = "060AD7E57DFB13104F21BE5F5C3759D03F0553FC3229247D9A7A6B45F50D03A3"
dependencies = [
  { id = "Sui", name = "Sui" },
  { id = "faucet_coin", name = "faucet_coin" },
  { id = "my_coin", name = "my_coin" },
]

[[move.package]]
id = "MoveStdlib"
source = { git = "https://github.com/MystenLabs/sui.git", rev = "framework/testnet", subdir = "crates/sui-framework/packages/move-stdlib" }

[[move.package]]
id = "Sui"
source = { git = "https://github.com/MystenLabs/sui.git", rev = "framework/testnet", subdir = "crates/sui-framework/packages/sui-framework" }

dependencies = [
  { id = "MoveStdlib", name = "MoveStdlib" },
]

[[move.package]]
id = "faucet_coin"
source = { local = "../task2/faucet_coin" }

dependencies = [
  { id = "Sui", name = "Sui" },
]

[[move.package]]
id = "my_coin"
source = { local = "../task2/my_coin" }

dependencies = [
  { id = "Sui", name = "Sui" },
]

[move.toolchain-version]
compiler-version = "1.39.1"
edition = "2024.beta"
flavor = "sui"

[env]

[env.testnet]
chain-id = "4c78adac"
original-published-id = "0x69501c8872518987551bfb48a8b405e6b9d5a2312c8ef809e3a869599ecbd6b5"
latest-published-id = "0x69501c8872518987551bfb48a8b405e6b9d5a2312c8ef809e3a869599ecbd6b5"
published-version = "1"
