# @generated by Move, please check-in and do not edit manually.

[move]
version = 3
manifest_digest = "CD36B70800F548627C2D66C76E73AE364A4A9BF3FF51AC467A80C622CD08BBE7"
deps_digest = "F8BBB0CCB2491CA29A3DF03D6F92277A4F3574266507ACD77214D37ECA3F3082"
dependencies = [
  { id = "Sui", name = "Sui" },
]

[[move.package]]
id = "MoveStdlib"
source = { git = "https://github.com/MystenLabs/sui.git", rev = "framework/testnet", subdir = "crates/sui-framework/packages/move-stdlib" }

[[move.package]]
id = "Sui"
source = { git = "https://github.com/MystenLabs/sui.git", rev = "framework/testnet", subdir = "crates/sui-framework/packages/sui-framework" }

dependencies = [
  { id = "MoveStdlib", name = "MoveStdlib" },
]

[move.toolchain-version]
compiler-version = "1.41.0"
edition = "2024.beta"
flavor = "sui"

[env]

[env.testnet]
chain-id = "4c78adac"
original-published-id = "0x8ff1c8879acf0a242eda31e7807c4d890ca4080d3087724827ae8eaa17ddf8a2"
latest-published-id = "0x8ff1c8879acf0a242eda31e7807c4d890ca4080d3087724827ae8eaa17ddf8a2"
published-version = "1"
