# @generated by Move, please check-in and do not edit manually.

[move]
version = 3
manifest_digest = "BA7BB5EE93CA7B3D2E7B1C2456BB0DD2B68B215A705269343E29E17FE9D195F0"
deps_digest = "F8BBB0CCB2491CA29A3DF03D6F92277A4F3574266507ACD77214D37ECA3F3082"
dependencies = [
  { id = "Sui", name = "Sui" },
]

[[move.package]]
id = "MoveStdlib"
source = { git = "https://github.com/MystenLabs/sui.git", rev = "framework/testnet", subdir = "crates/sui-framework/packages/move-stdlib" }

[[move.package]]
id = "Sui"
source = { git = "https://github.com/MystenLabs/sui.git", rev = "framework/testnet", subdir = "crates/sui-framework/packages/sui-framework" }

dependencies = [
  { id = "MoveStdlib", name = "MoveStdlib" },
]

[move.toolchain-version]
compiler-version = "1.40.3"
edition = "2024.beta"
flavor = "sui"

[env]

[env.testnet]
chain-id = "4c78adac"

original-published-id = "0xfdd074a62cd0e208ec083f8df1e8ca70115dd5cf525a8b8567aed34896a4f15a"
latest-published-id = "0xfdd074a62cd0e208ec083f8df1e8ca70115dd5cf525a8b8567aed34896a4f15a"
published-version = "1"
