# @generated by Move, please check-in and do not edit manually.

[move]
version = 3
manifest_digest = "5E854269083D12F63236DA6BC448EB757E2C66B81353FBBEF0EE30A51A3DE2FE"
deps_digest = "3C4103934B1E040BB6B23F1D610B4EF9F2F1166A50A104EADCF77467C004C600"
dependencies = [
  { id = "Sui", name = "Sui" },
  { id = "faucet_coin", name = "faucet_coin" },
]

[[move.package]]
id = "MoveStdlib"
source = { git = "https://github.com/MystenLabs/sui.git", rev = "framework/testnet", subdir = "crates\\sui-framework\\packages\\move-stdlib" }

[[move.package]]
id = "Sui"
source = { git = "https://github.com/MystenLabs/sui.git", rev = "framework/testnet", subdir = "crates/sui-framework/packages/sui-framework" }

dependencies = [
  { id = "MoveStdlib", name = "MoveStdlib" },
]

[[move.package]]
id = "faucet_coin"
source = { local = "..\\move_coin-task_2\\faucet_coin" }

dependencies = [
  { id = "Sui", name = "Sui" },
]

[move.toolchain-version]
compiler-version = "1.38.3"
edition = "2024.beta"
flavor = "sui"

[env]

[env.testnet]
chain-id = "4c78adac"
original-published-id = "0x240d3eb724e5224f9253f75a2288acccb18f12be1da2b108e6dc393c8822bf16"
latest-published-id = "0x240d3eb724e5224f9253f75a2288acccb18f12be1da2b108e6dc393c8822bf16"
published-version = "1"
