# @generated by Move, please check-in and do not edit manually.

[move]
version = 3
manifest_digest = "90F315E54B8F6894351C29DB360D495843C5914F397E04E3852D63C07D902036"
deps_digest = "F8BBB0CCB2491CA29A3DF03D6F92277A4F3574266507ACD77214D37ECA3F3082"
dependencies = [
  { id = "Sui", name = "Sui" },
]

[[move.package]]
id = "MoveStdlib"
source = { git = "https://github.com/MystenLabs/sui.git", rev = "framework/testnet", subdir = "crates/sui-framework/packages/move-stdlib" }

[[move.package]]
id = "Sui"
source = { git = "https://github.com/MystenLabs/sui.git", rev = "framework/testnet", subdir = "crates/sui-framework/packages/sui-framework" }

dependencies = [
  { id = "MoveStdlib", name = "MoveStdlib" },
]

[move.toolchain-version]
compiler-version = "1.41.0"
edition = "2024.beta"
flavor = "sui"

[env]

[env.testnet]
chain-id = "4c78adac"
original-published-id = "0xce5935b72693da401aa69ca558383749d0d830ebd476474e5b6ff08d95711773"
latest-published-id = "0xce5935b72693da401aa69ca558383749d0d830ebd476474e5b6ff08d95711773"
published-version = "1"
