# @generated by Move, please check-in and do not edit manually.

[move]
version = 3
manifest_digest = "8A25BB47DD320A7F5B93FC3CA8E8BA70B4FCD0C46FF72B55489EF43E3C2DABAC"
deps_digest = "F8BBB0CCB2491CA29A3DF03D6F92277A4F3574266507ACD77214D37ECA3F3082"
dependencies = [
  { id = "Sui", name = "Sui" },
]

[[move.package]]
id = "MoveStdlib"
source = { git = "https://github.com/MystenLabs/sui.git", rev = "framework/testnet", subdir = "crates/sui-framework/packages/move-stdlib" }

[[move.package]]
id = "Sui"
source = { git = "https://github.com/MystenLabs/sui.git", rev = "framework/testnet", subdir = "crates/sui-framework/packages/sui-framework" }

dependencies = [
  { id = "MoveStdlib", name = "MoveStdlib" },
]

[move.toolchain-version]
compiler-version = "1.41.0"
edition = "2024.beta"
flavor = "sui"

[env]

[env.testnet]
chain-id = "4c78adac"
original-published-id = "0x7ac42de0065623a39fef9867902288f817966243ce707c28f065f5f9b83226d1"
latest-published-id = "0x7ac42de0065623a39fef9867902288f817966243ce707c28f065f5f9b83226d1"
published-version = "1"
