# @generated by Move, please check-in and do not edit manually.

[move]
version = 3
manifest_digest = "5AAFC169DC91B327E43FA091219104D83F4E0E55EBEE417DA2DDE4B95224E683"
deps_digest = "060AD7E57DFB13104F21BE5F5C3759D03F0553FC3229247D9A7A6B45F50D03A3"
dependencies = [
  { id = "Sui", name = "Sui" },
  { id = "faucet_coin", name = "faucet_coin" },
  { id = "my_coin", name = "my_coin" },
]

[[move.package]]
id = "MoveStdlib"
source = { git = "https://github.com/MystenLabs/sui.git", rev = "framework/testnet", subdir = "crates/sui-framework/packages/move-stdlib" }

[[move.package]]
id = "Sui"
source = { git = "https://github.com/MystenLabs/sui.git", rev = "framework/testnet", subdir = "crates/sui-framework/packages/sui-framework" }

dependencies = [
  { id = "MoveStdlib", name = "MoveStdlib" },
]

[[move.package]]
id = "faucet_coin"
source = { local = "../../task2/faucet_coin" }

dependencies = [
  { id = "Sui", name = "Sui" },
]

[[move.package]]
id = "my_coin"
source = { local = "../../task2/my_coin" }

dependencies = [
  { id = "Sui", name = "Sui" },
]

[move.toolchain-version]
compiler-version = "1.41.1"
edition = "2024.beta"
flavor = "sui"

[env]

[env.testnet]
chain-id = "4c78adac"
original-published-id = "0xf1d4312ac95026cf27a907ffd382e7b13f6151bcb8fb0c80994eea47c313ba18"
latest-published-id = "0xf1d4312ac95026cf27a907ffd382e7b13f6151bcb8fb0c80994eea47c313ba18"
published-version = "1"
