# @generated by Move, please check-in and do not edit manually.

[move]
version = 3
manifest_digest = "87973248E435534445BF909327B3E027F88B14C5E2268C78C6BBEA7B97E1DB87"
deps_digest = "F8BBB0CCB2491CA29A3DF03D6F92277A4F3574266507ACD77214D37ECA3F3082"
dependencies = [
  { id = "Sui", name = "Sui" },
]

[[move.package]]
id = "MoveStdlib"
source = { git = "https://github.com/MystenLabs/sui.git", rev = "framework/testnet", subdir = "crates/sui-framework/packages/move-stdlib" }

[[move.package]]
id = "Sui"
source = { git = "https://github.com/MystenLabs/sui.git", rev = "framework/testnet", subdir = "crates/sui-framework/packages/sui-framework" }

dependencies = [
  { id = "MoveStdlib", name = "MoveStdlib" },
]

[move.toolchain-version]
compiler-version = "1.41.0"
edition = "2024.beta"
flavor = "sui"

[env]

[env.testnet]
chain-id = "4c78adac"
original-published-id = "0xea3f4fddf9d02351841cdb750128a7545c5e4aeb9ea5f2c625221c5bc5b4c87d"
latest-published-id = "0xea3f4fddf9d02351841cdb750128a7545c5e4aeb9ea5f2c625221c5bc5b4c87d"
published-version = "1"
