# @generated by Move, please check-in and do not edit manually.

[move]
version = 3
manifest_digest = "09E96EFF150B65B8C2F33F9094E1DCF127B543DB3BF332FE094BF07CD9DAE41E"
deps_digest = "F8BBB0CCB2491CA29A3DF03D6F92277A4F3574266507ACD77214D37ECA3F3082"
dependencies = [
  { id = "Sui", name = "Sui" },
]

[[move.package]]
id = "MoveStdlib"
source = { git = "https://github.com/MystenLabs/sui.git", rev = "framework/testnet", subdir = "crates/sui-framework/packages/move-stdlib" }

[[move.package]]
id = "Sui"
source = { git = "https://github.com/MystenLabs/sui.git", rev = "framework/testnet", subdir = "crates/sui-framework/packages/sui-framework" }

dependencies = [
  { id = "MoveStdlib", name = "MoveStdlib" },
]

[move.toolchain-version]
compiler-version = "1.42.0"
edition = "2024.beta"
flavor = "sui"

[env]

[env.testnet]
chain-id = "4c78adac"
original-published-id = "0xf4b726a31c7f3da955a43f76f4faf36e6fd9a04746fcf93c5ae1121426ba01d3"
latest-published-id = "0xf4b726a31c7f3da955a43f76f4faf36e6fd9a04746fcf93c5ae1121426ba01d3"
published-version = "1"
