# @generated by Move, please check-in and do not edit manually.

[move]
version = 3
manifest_digest = "CDCC5E5C0108FFFCE195F5F54338A3D4000AC2490EC1400655F46CE8F1B92A50"
deps_digest = "F8BBB0CCB2491CA29A3DF03D6F92277A4F3574266507ACD77214D37ECA3F3082"
dependencies = [
  { id = "Sui", name = "Sui" },
]

[[move.package]]
id = "MoveStdlib"
source = { git = "https://github.com/MystenLabs/sui.git", rev = "framework/devnet", subdir = "crates\\sui-framework\\packages\\move-stdlib" }

[[move.package]]
id = "Sui"
source = { git = "https://github.com/MystenLabs/sui.git", rev = "framework/devnet", subdir = "crates/sui-framework/packages/sui-framework" }

dependencies = [
  { id = "MoveStdlib", name = "MoveStdlib" },
]

[move.toolchain-version]
compiler-version = "1.40.1"
edition = "2024.beta"
flavor = "sui"

[env]

[env.devnet]
chain-id = "af8ca69b"
original-published-id = "0x0f5432f248a48b4f1c61c318c74e09775bf8d46f55f133f3dbc27f989c7d161c"
latest-published-id = "0x0f5432f248a48b4f1c61c318c74e09775bf8d46f55f133f3dbc27f989c7d161c"
published-version = "1"

[env.testnet]
chain-id = "4c78adac"
original-published-id = "0x60b5facddbbaea62c42ec3db1b9129c226cec814d3c9edf77f0091ca97616c01"
latest-published-id = "0x60b5facddbbaea62c42ec3db1b9129c226cec814d3c9edf77f0091ca97616c01"
published-version = "1"
