# @generated by Move, please check-in and do not edit manually.

[move]
version = 3
manifest_digest = "6BF5104C8D2FFB05E21FA100926A14B508ED579E919624B8E6356991362A2A0A"
deps_digest = "060AD7E57DFB13104F21BE5F5C3759D03F0553FC3229247D9A7A6B45F50D03A3"
dependencies = [
  { id = "Sui", name = "Sui" },
  { id = "faucet_coin", name = "faucet_coin" },
  { id = "my_coin", name = "my_coin" },
]

[[move.package]]
id = "MoveStdlib"
source = { git = "https://github.com/MystenLabs/sui.git", rev = "framework/testnet", subdir = "crates/sui-framework/packages/move-stdlib" }

[[move.package]]
id = "Sui"
source = { git = "https://github.com/MystenLabs/sui.git", rev = "framework/testnet", subdir = "crates/sui-framework/packages/sui-framework" }

dependencies = [
  { id = "MoveStdlib", name = "MoveStdlib" },
]

[[move.package]]
id = "faucet_coin"
source = { local = "../task2/faucet_coin" }

dependencies = [
  { id = "Sui", name = "Sui" },
]

[[move.package]]
id = "my_coin"
source = { local = "../task2/my_coin" }

dependencies = [
  { id = "Sui", name = "Sui" },
]

[move.toolchain-version]
compiler-version = "1.38.2"
edition = "2024.beta"
flavor = "sui"

[env]

[env.testnet]
chain-id = "4c78adac"
original-published-id = "0x156eb4253ce2783a154bedd027a1ae06dd9499ea4fa23e96977cb3fe4cf4ca88"
latest-published-id = "0x156eb4253ce2783a154bedd027a1ae06dd9499ea4fa23e96977cb3fe4cf4ca88"
published-version = "1"
