# @generated by Move, please check-in and do not edit manually.

[move]
version = 3
manifest_digest = "297E7351605813ECFD734C60A86DA771933F61DE6F892C7F1F8AFE03DE9729D7"
deps_digest = "3C4103934B1E040BB6B23F1D610B4EF9F2F1166A50A104EADCF77467C004C600"
dependencies = [
  { id = "Sui", name = "Sui" },
  { id = "faucet_token", name = "faucet_token" },
]

[[move.package]]
id = "MoveStdlib"
source = { git = "https://github.com/MystenLabs/sui.git", rev = "framework/testnet", subdir = "crates/sui-framework/packages/move-stdlib" }

[[move.package]]
id = "Sui"
source = { git = "https://github.com/MystenLabs/sui.git", rev = "framework/testnet", subdir = "crates/sui-framework/packages/sui-framework" }

dependencies = [
  { id = "MoveStdlib", name = "MoveStdlib" },
]

[[move.package]]
id = "faucet_token"
source = { local = "../task_2_move_coin/faucet_token" }

dependencies = [
  { id = "Sui", name = "Sui" },
]

[move.toolchain-version]
compiler-version = "1.38.3"
edition = "2024.beta"
flavor = "sui"

[env]

[env.testnet]
chain-id = "4c78adac"
original-published-id = "0x375e73614b265a38abbc8797c2112f6f46554c4f91e46a38cc6a52ea4833bb05"
latest-published-id = "0x375e73614b265a38abbc8797c2112f6f46554c4f91e46a38cc6a52ea4833bb05"
published-version = "1"
