# @generated by Move, please check-in and do not edit manually.

[move]
version = 3
manifest_digest = "1175DBA927312EAB379275F918E96279CB8DD329C31183D0F4BC0408B7980B35"
deps_digest = "F8BBB0CCB2491CA29A3DF03D6F92277A4F3574266507ACD77214D37ECA3F3082"
dependencies = [
  { id = "Sui", name = "Sui" },
]

[[move.package]]
id = "MoveStdlib"
source = { git = "https://github.com/MystenLabs/sui.git", rev = "framework/testnet", subdir = "crates/sui-framework/packages/move-stdlib" }

[[move.package]]
id = "Sui"
source = { git = "https://github.com/MystenLabs/sui.git", rev = "framework/testnet", subdir = "crates/sui-framework/packages/sui-framework" }

dependencies = [
  { id = "MoveStdlib", name = "MoveStdlib" },
]

[move.toolchain-version]
compiler-version = "1.41.0"
edition = "2024.beta"
flavor = "sui"

[env]

[env.testnet]
chain-id = "4c78adac"
original-published-id = "0x3f828f20d39ef8caeed6dcf5ee30b6b25645c46b7f0b13b1aec62eb145df663a"
latest-published-id = "0x3f828f20d39ef8caeed6dcf5ee30b6b25645c46b7f0b13b1aec62eb145df663a"
published-version = "1"
