# @generated by Move, please check-in and do not edit manually.

[move]
version = 3
manifest_digest = "CD12C410AA5DC082DA4A66082B63717D669CE51E0DA9B7BB53A02C26200C21A8"
deps_digest = "3C4103934B1E040BB6B23F1D610B4EF9F2F1166A50A104EADCF77467C004C600"
dependencies = [
  { id = "Sui", name = "Sui" },
  { id = "faucet_coin", name = "faucet_coin" },
]

[[move.package]]
id = "MoveStdlib"
source = { git = "https://github.com/MystenLabs/sui.git", rev = "framework/testnet", subdir = "crates\\sui-framework\\packages\\move-stdlib" }

[[move.package]]
id = "Sui"
source = { git = "https://github.com/MystenLabs/sui.git", rev = "framework/testnet", subdir = "crates/sui-framework/packages/sui-framework" }

dependencies = [
  { id = "MoveStdlib", name = "MoveStdlib" },
]

[[move.package]]
id = "faucet_coin"
source = { local = "..\\..\\task2\\faucet_coin" }

dependencies = [
  { id = "Sui", name = "Sui" },
]

[move.toolchain-version]
compiler-version = "1.39.3"
edition = "2024.beta"
flavor = "sui"

[env]

[env.testnet]
chain-id = "4c78adac"
original-published-id = "0x50d76e0e7919137af6f4f110d5b714d349fc2d760b04c14564fb77dd250ecbb3"
latest-published-id = "0x50d76e0e7919137af6f4f110d5b714d349fc2d760b04c14564fb77dd250ecbb3"
published-version = "1"
