# @generated by Move, please check-in and do not edit manually.

[move]
version = 3
manifest_digest = "682B0031CC3156010ACF3074EF244C274F9F93D0F6AB8DFECBB363B7A32A55BF"
deps_digest = "3C4103934B1E040BB6B23F1D610B4EF9F2F1166A50A104EADCF77467C004C600"
dependencies = [
  { id = "Sui", name = "Sui" },
  { id = "faucet_coin", name = "faucet_coin" },
]

[[move.package]]
id = "MoveStdlib"
source = { git = "https://github.com/MystenLabs/sui.git", rev = "framework/testnet", subdir = "crates/sui-framework/packages/move-stdlib" }

[[move.package]]
id = "Sui"
source = { git = "https://github.com/MystenLabs/sui.git", rev = "framework/testnet", subdir = "crates/sui-framework/packages/sui-framework" }

dependencies = [
  { id = "MoveStdlib", name = "MoveStdlib" },
]

[[move.package]]
id = "faucet_coin"
source = { local = "../../task2/faucet_coin" }

dependencies = [
  { id = "Sui", name = "Sui" },
]

[move.toolchain-version]
compiler-version = "1.39.1"
edition = "2024.beta"
flavor = "sui"

[env]

[env.testnet]
chain-id = "4c78adac"
original-published-id = "0xf84735e5041842b70b1e96c2be5a493dd467db36aa9ef3f3e7a17e6cb6d44985"
latest-published-id = "0xf84735e5041842b70b1e96c2be5a493dd467db36aa9ef3f3e7a17e6cb6d44985"
published-version = "1"
