# @generated by Move, please check-in and do not edit manually.

[move]
version = 3
manifest_digest = "31A5DA184300F4A588A4279AE324380E7F9C614E72DC9677AA6D0ED5231D97FC"
deps_digest = "F8BBB0CCB2491CA29A3DF03D6F92277A4F3574266507ACD77214D37ECA3F3082"
dependencies = [
  { id = "Sui", name = "Sui" },
]

[[move.package]]
id = "MoveStdlib"
source = { git = "https://github.com/MystenLabs/sui.git", rev = "framework/testnet", subdir = "crates/sui-framework/packages/move-stdlib" }

[[move.package]]
id = "Sui"
source = { git = "https://github.com/MystenLabs/sui.git", rev = "framework/testnet", subdir = "crates/sui-framework/packages/sui-framework" }

dependencies = [
  { id = "MoveStdlib", name = "MoveStdlib" },
]

[move.toolchain-version]
compiler-version = "1.41.0"
edition = "2024.beta"
flavor = "sui"

[env]

[env.testnet]
chain-id = "4c78adac"
original-published-id = "0x2f477b7eb9998af7de2aa55021e0de5d297c228c53e33d1d5ed8d7950474cecb"
latest-published-id = "0x2f477b7eb9998af7de2aa55021e0de5d297c228c53e33d1d5ed8d7950474cecb"
published-version = "1"
