# @generated by Move, please check-in and do not edit manually.

[move]
version = 3
manifest_digest = "CEF188AA5C3EE30B0C8D1D3CC0A566CC78E86A36AE7ABE96666BD9E3D9CFE321"
deps_digest = "3C4103934B1E040BB6B23F1D610B4EF9F2F1166A50A104EADCF77467C004C600"
dependencies = [
  { id = "Sui", name = "Sui" },
  { id = "my_coin", name = "my_coin" },
]

[[move.package]]
id = "MoveStdlib"
source = { git = "https://github.com/MystenLabs/sui.git", rev = "framework/testnet", subdir = "crates/sui-framework/packages/move-stdlib" }

[[move.package]]
id = "Sui"
source = { git = "https://github.com/MystenLabs/sui.git", rev = "framework/testnet", subdir = "crates/sui-framework/packages/sui-framework" }

dependencies = [
  { id = "MoveStdlib", name = "MoveStdlib" },
]

[[move.package]]
id = "my_coin"
source = { local = "../task2/my_coin" }

dependencies = [
  { id = "Sui", name = "Sui" },
]

[move.toolchain-version]
compiler-version = "1.40.3"
edition = "2024.beta"
flavor = "sui"

[env]

[env.testnet]
chain-id = "4c78adac"
original-published-id = "0x39ede9ba77fa0fb5d3581e893aadc332214acc5c3c5d910b46d051fc74f74a10"
latest-published-id = "0x39ede9ba77fa0fb5d3581e893aadc332214acc5c3c5d910b46d051fc74f74a10"
published-version = "1"
