# @generated by Move, please check-in and do not edit manually.

[move]
version = 3
manifest_digest = "582710EFCCAC73E3971072A956FB57280AEA01BF8DA95E2AF263E0B8E531F088"
deps_digest = "F8BBB0CCB2491CA29A3DF03D6F92277A4F3574266507ACD77214D37ECA3F3082"
dependencies = [
  { id = "Sui", name = "Sui" },
]

[[move.package]]
id = "MoveStdlib"
source = { git = "https://github.com/MystenLabs/sui.git", rev = "framework/testnet", subdir = "crates/sui-framework/packages/move-stdlib" }

[[move.package]]
id = "Sui"
source = { git = "https://github.com/MystenLabs/sui.git", rev = "framework/testnet", subdir = "crates/sui-framework/packages/sui-framework" }

dependencies = [
  { id = "MoveStdlib", name = "MoveStdlib" },
]

[move.toolchain-version]
compiler-version = "1.41.0"
edition = "2024.beta"
flavor = "sui"

[env]

[env.testnet]
chain-id = "4c78adac"
original-published-id = "0xe19ed540b7ebae630472b38cef788b21365f036ebbf63549fdf79d56d57ded51"
latest-published-id = "0xe19ed540b7ebae630472b38cef788b21365f036ebbf63549fdf79d56d57ded51"
published-version = "1"
