# @generated by Move, please check-in and do not edit manually.

[move]
version = 3
manifest_digest = "7B3AB7091704E835BD4232DBD830A04901EE4BF13ADDD3CC69396C1A6D154813"
deps_digest = "F8BBB0CCB2491CA29A3DF03D6F92277A4F3574266507ACD77214D37ECA3F3082"
dependencies = [
  { id = "Sui", name = "Sui" },
]

[[move.package]]
id = "MoveStdlib"
source = { git = "https://github.com/MystenLabs/sui.git", rev = "framework/testnet", subdir = "crates/sui-framework/packages/move-stdlib" }

[[move.package]]
id = "Sui"
source = { git = "https://github.com/MystenLabs/sui.git", rev = "framework/testnet", subdir = "crates/sui-framework/packages/sui-framework" }

dependencies = [
  { id = "MoveStdlib", name = "MoveStdlib" },
]

[move.toolchain-version]
compiler-version = "1.42.0"
edition = "2024.beta"
flavor = "sui"

[env]

[env.testnet]
chain-id = "4c78adac"
original-published-id = "0xe212e89acedcf11b87f95904bc3d658c642e4d4033c82d813105813fa31305c1"
latest-published-id = "0xe212e89acedcf11b87f95904bc3d658c642e4d4033c82d813105813fa31305c1"
published-version = "1"
