# @generated by Move, please check-in and do not edit manually.

[move]
version = 3
manifest_digest = "B9A2BB26C71B4C2886B4F326E878A3120CDB50B66EDA7ADEC517BA3FB03C8C6D"
deps_digest = "F8BBB0CCB2491CA29A3DF03D6F92277A4F3574266507ACD77214D37ECA3F3082"
dependencies = [
  { id = "Sui", name = "Sui" },
]

[[move.package]]
id = "MoveStdlib"
source = { git = "https://github.com/MystenLabs/sui.git", rev = "framework/testnet", subdir = "crates/sui-framework/packages/move-stdlib" }

[[move.package]]
id = "Sui"
source = { git = "https://github.com/MystenLabs/sui.git", rev = "framework/testnet", subdir = "crates/sui-framework/packages/sui-framework" }

dependencies = [
  { id = "MoveStdlib", name = "MoveStdlib" },
]

[move.toolchain-version]
compiler-version = "1.38.3"
edition = "2024.beta"
flavor = "sui"

[env]

[env.testnet]
chain-id = "4c78adac"
original-published-id = "0x2ae71e1351dd495428765141f10955edee99136a8003aaa7539fee28abbe9fb8"
latest-published-id = "0x2ae71e1351dd495428765141f10955edee99136a8003aaa7539fee28abbe9fb8"
published-version = "1"
