# @generated by Move, please check-in and do not edit manually.

[move]
version = 3
manifest_digest = "832400362F455A9866F9C0FB5DEA2B8F5CFDBDEA9D933768DDDD8E7661046502"
deps_digest = "3C4103934B1E040BB6B23F1D610B4EF9F2F1166A50A104EADCF77467C004C600"
dependencies = [
  { id = "Sui", name = "Sui" },
  { id = "my_coin", name = "my_coin" },
]

[[move.package]]
id = "MoveStdlib"
source = { git = "https://github.com/MystenLabs/sui.git", rev = "framework/testnet", subdir = "crates/sui-framework/packages/move-stdlib" }

[[move.package]]
id = "Sui"
source = { git = "https://github.com/MystenLabs/sui.git", rev = "framework/testnet", subdir = "crates/sui-framework/packages/sui-framework" }

dependencies = [
  { id = "MoveStdlib", name = "MoveStdlib" },
]

[[move.package]]
id = "my_coin"
source = { local = "../../faucet_coin" }

dependencies = [
  { id = "Sui", name = "Sui" },
]

[move.toolchain-version]
compiler-version = "1.39.2"
edition = "2024.beta"
flavor = "sui"

[env]

[env.testnets]
chain-id = "4c78adac"
original-published-id = "0x127039dfdb4cf1b1f608156e1198b9c01be676ed6ed046e6be0df1743a56deb1"
latest-published-id = "0x127039dfdb4cf1b1f608156e1198b9c01be676ed6ed046e6be0df1743a56deb1"
published-version = "1"
