# @generated by Move, please check-in and do not edit manually.

[move]
version = 3
manifest_digest = "FA3F58230060208D8F11052F3B2458FAC4C16BF8FCB3321FFFEC8C439E8AD686"
deps_digest = "F8BBB0CCB2491CA29A3DF03D6F92277A4F3574266507ACD77214D37ECA3F3082"
dependencies = [
  { id = "Sui", name = "Sui" },
]

[[move.package]]
id = "MoveStdlib"
source = { git = "https://github.com/MystenLabs/sui.git", rev = "framework/testnet", subdir = "crates/sui-framework/packages/move-stdlib" }

[[move.package]]
id = "Sui"
source = { git = "https://github.com/MystenLabs/sui.git", rev = "framework/testnet", subdir = "crates/sui-framework/packages/sui-framework" }

dependencies = [
  { id = "MoveStdlib", name = "MoveStdlib" },
]

[move.toolchain-version]
compiler-version = "1.41.0"
edition = "2024.beta"
flavor = "sui"

[env]

[env.testnet]
chain-id = "4c78adac"
original-published-id = "0x32c4ff69bb5216d03718c5d7d17801144fef0d779e57df6d1615e4291f2d3755"
latest-published-id = "0x32c4ff69bb5216d03718c5d7d17801144fef0d779e57df6d1615e4291f2d3755"
published-version = "1"
