# @generated by Move, please check-in and do not edit manually.

[move]
version = 3
manifest_digest = "E41BE9FD49AD5403FA32145524447445EDA88B051B551AE071FBC694C4752A79"
deps_digest = "F8BBB0CCB2491CA29A3DF03D6F92277A4F3574266507ACD77214D37ECA3F3082"
dependencies = [
  { id = "Sui", name = "Sui" },
]

[[move.package]]
id = "MoveStdlib"
source = { git = "https://github.com/MystenLabs/sui.git", rev = "framework/testnet", subdir = "crates/sui-framework/packages/move-stdlib" }

[[move.package]]
id = "Sui"
source = { git = "https://github.com/MystenLabs/sui.git", rev = "framework/testnet", subdir = "crates/sui-framework/packages/sui-framework" }

dependencies = [
  { id = "MoveStdlib", name = "MoveStdlib" },
]

[move.toolchain-version]
compiler-version = "1.43.1"
edition = "2024.beta"
flavor = "sui"

[env]

[env.testnet]
chain-id = "4c78adac"
original-published-id = "0x88f44d06581131d76197460daa53855095191a5ec919f61094ee8606479a9d4c"
latest-published-id = "0x88f44d06581131d76197460daa53855095191a5ec919f61094ee8606479a9d4c"
published-version = "1"
