# @generated by Move, please check-in and do not edit manually.

[move]
version = 3
manifest_digest = "2DE5011BFC48D9900C966B44DE3E6BAEC8F6DB0062626962273816ECA5F7E4CC"
deps_digest = "F8BBB0CCB2491CA29A3DF03D6F92277A4F3574266507ACD77214D37ECA3F3082"
dependencies = [
  { id = "Sui", name = "Sui" },
]

[[move.package]]
id = "MoveStdlib"
source = { git = "https://github.com/MystenLabs/sui.git", rev = "framework/testnet", subdir = "crates/sui-framework/packages/move-stdlib" }

[[move.package]]
id = "Sui"
source = { git = "https://github.com/MystenLabs/sui.git", rev = "framework/testnet", subdir = "crates/sui-framework/packages/sui-framework" }

dependencies = [
  { id = "MoveStdlib", name = "MoveStdlib" },
]

[move.toolchain-version]
compiler-version = "1.41.0"
edition = "2024.beta"
flavor = "sui"

[env]

[env.testnet]
chain-id = "4c78adac"
original-published-id = "0x654a6ea8807ea242de6ee4699890c69b0319b5500f5d8ed40231525b72ac4971"
latest-published-id = "0x654a6ea8807ea242de6ee4699890c69b0319b5500f5d8ed40231525b72ac4971"
published-version = "1"
