# @generated by Move, please check-in and do not edit manually.

[move]
version = 3
manifest_digest = "A99D35673AD250FBF03017BA1B1DDB8AD77D0773F4303AA17CE9C77F832D1CBB"
deps_digest = "F8BBB0CCB2491CA29A3DF03D6F92277A4F3574266507ACD77214D37ECA3F3082"
dependencies = [
  { id = "Sui", name = "Sui" },
]

[[move.package]]
id = "MoveStdlib"
source = { git = "https://github.com/MystenLabs/sui.git", rev = "framework/testnet", subdir = "crates/sui-framework/packages/move-stdlib" }

[[move.package]]
id = "Sui"
source = { git = "https://github.com/MystenLabs/sui.git", rev = "framework/testnet", subdir = "crates/sui-framework/packages/sui-framework" }

dependencies = [
  { id = "MoveStdlib", name = "MoveStdlib" },
]

[move.toolchain-version]
compiler-version = "1.41.0"
edition = "2024.beta"
flavor = "sui"

[env]

[env.testnet]
chain-id = "4c78adac"
original-published-id = "0x4920ad1a590b804b91b040be6dd86a604e6be7586139e74a738b2dadce45f13c"
latest-published-id = "0x4920ad1a590b804b91b040be6dd86a604e6be7586139e74a738b2dadce45f13c"
published-version = "1"
