# @generated by Move, please check-in and do not edit manually.

[move]
version = 3
manifest_digest = "483EBDFFCF431B520224FEE29B84499742353FC68CCF2362DC011010BF5FF39E"
deps_digest = "F8BBB0CCB2491CA29A3DF03D6F92277A4F3574266507ACD77214D37ECA3F3082"
dependencies = [
  { id = "Sui", name = "Sui" },
]

[[move.package]]
id = "MoveStdlib"
source = { git = "https://github.com/MystenLabs/sui.git", rev = "framework/testnet", subdir = "crates/sui-framework/packages/move-stdlib" }

[[move.package]]
id = "Sui"
source = { git = "https://github.com/MystenLabs/sui.git", rev = "framework/testnet", subdir = "crates/sui-framework/packages/sui-framework" }

dependencies = [
  { id = "MoveStdlib", name = "MoveStdlib" },
]

[move.toolchain-version]
compiler-version = "1.41.0"
edition = "2024.beta"
flavor = "sui"

[env]

[env.testnet]
chain-id = "4c78adac"
original-published-id = "0x0037309a5967f17cd86febadd80897bac93923386f45a8f0ea39ca88b5cadb21"
latest-published-id = "0x0037309a5967f17cd86febadd80897bac93923386f45a8f0ea39ca88b5cadb21"
published-version = "1"
