# @generated by Move, please check-in and do not edit manually.

[move]
version = 3
manifest_digest = "60C134ECDF7D3D0191ACF66B52B3396707DD3E01872C942000AD0FC5ED01A9AF"
deps_digest = "F8BBB0CCB2491CA29A3DF03D6F92277A4F3574266507ACD77214D37ECA3F3082"
dependencies = [
  { id = "Sui", name = "Sui" },
]

[[move.package]]
id = "MoveStdlib"
source = { git = "https://github.com/MystenLabs/sui.git", rev = "framework/testnet", subdir = "crates/sui-framework/packages/move-stdlib" }

[[move.package]]
id = "Sui"
source = { git = "https://github.com/MystenLabs/sui.git", rev = "framework/testnet", subdir = "crates/sui-framework/packages/sui-framework" }

dependencies = [
  { id = "MoveStdlib", name = "MoveStdlib" },
]

[move.toolchain-version]
compiler-version = "1.40.1"
edition = "2024.beta"
flavor = "sui"

[env]

[env.testnet]
chain-id = "4c78adac"
original-published-id = "0x314533e9b6d3960cfd7deea6978f4f4356a150803814c834d59591cfa4c8490e"
latest-published-id = "0x314533e9b6d3960cfd7deea6978f4f4356a150803814c834d59591cfa4c8490e"
published-version = "1"
