# @generated by Move, please check-in and do not edit manually.

[move]
version = 3
manifest_digest = "DD64BBF10E8388CDA70B607B7BB8EE7E8D817B3C8FAAE6CFA3E8F0E52D96C23C"
deps_digest = "F8BBB0CCB2491CA29A3DF03D6F92277A4F3574266507ACD77214D37ECA3F3082"
dependencies = [
  { id = "Sui", name = "Sui" },
]

[[move.package]]
id = "MoveStdlib"
source = { git = "https://github.com/MystenLabs/sui.git", rev = "framework/testnet", subdir = "crates/sui-framework/packages/move-stdlib" }

[[move.package]]
id = "Sui"
source = { git = "https://github.com/MystenLabs/sui.git", rev = "framework/testnet", subdir = "crates/sui-framework/packages/sui-framework" }

dependencies = [
  { id = "MoveStdlib", name = "MoveStdlib" },
]

[move.toolchain-version]
compiler-version = "1.41.0"
edition = "2024.beta"
flavor = "sui"

[env]

[env.testnet]
chain-id = "4c78adac"
original-published-id = "0x7dcc1a3c3f4f30af4a50d17ca3a9fb56cc34d4671e60555185cfc05ab6ae1582"
latest-published-id = "0x7dcc1a3c3f4f30af4a50d17ca3a9fb56cc34d4671e60555185cfc05ab6ae1582"
published-version = "1"
