# @generated by Move, please check-in and do not edit manually.

[move]
version = 3
manifest_digest = "8C135C028FCD7C2F86884B78D4A877F335AE0D866E4C47ADE360FCE529AF1EE1"
deps_digest = "F8BBB0CCB2491CA29A3DF03D6F92277A4F3574266507ACD77214D37ECA3F3082"
dependencies = [
  { id = "Sui", name = "Sui" },
]

[[move.package]]
id = "MoveStdlib"
source = { git = "https://github.com/MystenLabs/sui.git", rev = "framework/testnet", subdir = "crates/sui-framework/packages/move-stdlib" }

[[move.package]]
id = "Sui"
source = { git = "https://github.com/MystenLabs/sui.git", rev = "framework/testnet", subdir = "crates/sui-framework/packages/sui-framework" }

dependencies = [
  { id = "MoveStdlib", name = "MoveStdlib" },
]

[move.toolchain-version]
compiler-version = "1.38.3"
edition = "2024.beta"
flavor = "sui"

[env]

[env.testnet]
chain-id = "4c78adac"
original-published-id = "0xcb779f2f2b5887e6d926369d8244e02273b96de8968784e9c2d9f62a931ee4ef"
latest-published-id = "0xcb779f2f2b5887e6d926369d8244e02273b96de8968784e9c2d9f62a931ee4ef"
published-version = "1"
