# @generated by Move, please check-in and do not edit manually.

[move]
version = 3
manifest_digest = "610994717F09A04D4462177821221015FE8B6DB35E6FBCCD468D4A1BFC9858F7"
deps_digest = "F8BBB0CCB2491CA29A3DF03D6F92277A4F3574266507ACD77214D37ECA3F3082"
dependencies = [
  { id = "Sui", name = "Sui" },
]

[[move.package]]
id = "MoveStdlib"
source = { git = "https://github.com/MystenLabs/sui.git", rev = "framework/testnet", subdir = "crates/sui-framework/packages/move-stdlib" }

[[move.package]]
id = "Sui"
source = { git = "https://github.com/MystenLabs/sui.git", rev = "framework/testnet", subdir = "crates/sui-framework/packages/sui-framework" }

dependencies = [
  { id = "MoveStdlib", name = "MoveStdlib" },
]

[move.toolchain-version]
compiler-version = "1.41.0"
edition = "2024.beta"
flavor = "sui"

[env]

[env.testnet]
chain-id = "4c78adac"
original-published-id = "0xb2134058dc1994301e6e492f73520cf401a6f9e95f1cf302c41d9c6207b2d821"
latest-published-id = "0xb2134058dc1994301e6e492f73520cf401a6f9e95f1cf302c41d9c6207b2d821"
published-version = "1"
