# @generated by Move, please check-in and do not edit manually.

[move]
version = 3
manifest_digest = "FC7FB786F37485291C6214E1C271ECD43DF2F2BE484C8E3F661B1E381A388E80"
deps_digest = "F8BBB0CCB2491CA29A3DF03D6F92277A4F3574266507ACD77214D37ECA3F3082"
dependencies = [
  { id = "Sui", name = "Sui" },
]

[[move.package]]
id = "MoveStdlib"
source = { git = "https://github.com/MystenLabs/sui.git", rev = "framework/testnet", subdir = "crates/sui-framework/packages/move-stdlib" }

[[move.package]]
id = "Sui"
source = { git = "https://github.com/MystenLabs/sui.git", rev = "framework/testnet", subdir = "crates/sui-framework/packages/sui-framework" }

dependencies = [
  { id = "MoveStdlib", name = "MoveStdlib" },
]

[move.toolchain-version]
compiler-version = "1.39.1"
edition = "2024.beta"
flavor = "sui"

[env]

[env.testnet]
chain-id = "4c78adac"
original-published-id = "0x4d5383754f1e8581c217920ae640750f7643c425c5e58e1ed45604d98ed9bf28"
latest-published-id = "0x4d5383754f1e8581c217920ae640750f7643c425c5e58e1ed45604d98ed9bf28"
published-version = "1"
