# @generated by Move, please check-in and do not edit manually.

[move]
version = 3
manifest_digest = "78200A564417A861D42735D1B6C2C1686683623FC7581A2B2FB9D7691D847146"
deps_digest = "F8BBB0CCB2491CA29A3DF03D6F92277A4F3574266507ACD77214D37ECA3F3082"
dependencies = [
  { id = "Sui", name = "Sui" },
]

[[move.package]]
id = "MoveStdlib"
source = { git = "https://github.com/MystenLabs/sui.git", rev = "framework/testnet", subdir = "crates/sui-framework/packages/move-stdlib" }

[[move.package]]
id = "Sui"
source = { git = "https://github.com/MystenLabs/sui.git", rev = "framework/testnet", subdir = "crates/sui-framework/packages/sui-framework" }

dependencies = [
  { id = "MoveStdlib", name = "MoveStdlib" },
]

[move.toolchain-version]
compiler-version = "1.41.0"
edition = "2024.beta"
flavor = "sui"

[env]

[env.testnet]
chain-id = "4c78adac"
original-published-id = "0xaf8d2ceddbe1976a52b7b4be421f1ce98cde28f8fc882ea7a4cb405d5b004d5b"
latest-published-id = "0xaf8d2ceddbe1976a52b7b4be421f1ce98cde28f8fc882ea7a4cb405d5b004d5b"
published-version = "1"
