# @generated by Move, please check-in and do not edit manually.

[move]
version = 3
manifest_digest = "93B74C6A9EA1C4BA686CDFC3152E204F67DC1FE6722D88CC11FDC29C4B2F909F"
deps_digest = "F8BBB0CCB2491CA29A3DF03D6F92277A4F3574266507ACD77214D37ECA3F3082"
dependencies = [
  { id = "Sui", name = "Sui" },
]

[[move.package]]
id = "MoveStdlib"
source = { git = "https://github.com/MystenLabs/sui.git", rev = "framework/testnet", subdir = "crates/sui-framework/packages/move-stdlib" }

[[move.package]]
id = "Sui"
source = { git = "https://github.com/MystenLabs/sui.git", rev = "framework/testnet", subdir = "crates/sui-framework/packages/sui-framework" }

dependencies = [
  { id = "MoveStdlib", name = "MoveStdlib" },
]

[move.toolchain-version]
compiler-version = "1.40.1"
edition = "2024.beta"
flavor = "sui"

[env]

[env.testnet]
chain-id = "4c78adac"
original-published-id = "0xe00f17e81e517d347dc75321000cc20a899249353bdb9192eb9b45f299f0f7aa"
latest-published-id = "0xe00f17e81e517d347dc75321000cc20a899249353bdb9192eb9b45f299f0f7aa"
published-version = "1"
