# @generated by Move, please check-in and do not edit manually.

[move]
version = 3
manifest_digest = "4EF0BE5D21D2DFABCFEDBF08F63DF39C06D8025F6EC77B9E395B42A8E20A38C7"
deps_digest = "F8BBB0CCB2491CA29A3DF03D6F92277A4F3574266507ACD77214D37ECA3F3082"
dependencies = [
  { id = "Sui", name = "Sui" },
]

[[move.package]]
id = "MoveStdlib"
source = { git = "https://github.com/MystenLabs/sui.git", rev = "framework/testnet", subdir = "crates/sui-framework/packages/move-stdlib" }

[[move.package]]
id = "Sui"
source = { git = "https://github.com/MystenLabs/sui.git", rev = "framework/testnet", subdir = "crates/sui-framework/packages/sui-framework" }

dependencies = [
  { id = "MoveStdlib", name = "MoveStdlib" },
]

[move.toolchain-version]
compiler-version = "1.39.1"
edition = "2024.beta"
flavor = "sui"

[env]

[env.testnet]
chain-id = "4c78adac"
original-published-id = "0x847f16ea908f4034b3455cafc8da6443fb91bd59a59deca558b6ed39306257a8"
latest-published-id = "0x847f16ea908f4034b3455cafc8da6443fb91bd59a59deca558b6ed39306257a8"
published-version = "1"
