# @generated by Move, please check-in and do not edit manually.

[move]
version = 3
manifest_digest = "C39AC4809B99F4DADCCE0CFD2CB71180E0129E506F401442B67DB47147F111FD"
deps_digest = "F8BBB0CCB2491CA29A3DF03D6F92277A4F3574266507ACD77214D37ECA3F3082"
dependencies = [
  { id = "Sui", name = "Sui" },
]

[[move.package]]
id = "MoveStdlib"
source = { git = "https://github.com/MystenLabs/sui.git", rev = "framework/testnet", subdir = "crates/sui-framework/packages/move-stdlib" }

[[move.package]]
id = "Sui"
source = { git = "https://github.com/MystenLabs/sui.git", rev = "framework/testnet", subdir = "crates/sui-framework/packages/sui-framework" }

dependencies = [
  { id = "MoveStdlib", name = "MoveStdlib" },
]

[move.toolchain-version]
compiler-version = "1.41.0"
edition = "2024.beta"
flavor = "sui"

[env]

[env.testnet]
chain-id = "4c78adac"
original-published-id = "0x8b227b050fcd303056708ed4858e47c20613fb9b1179a6c7f791e80dd572fb74"
latest-published-id = "0x8b227b050fcd303056708ed4858e47c20613fb9b1179a6c7f791e80dd572fb74"
published-version = "1"
