# @generated by Move, please check-in and do not edit manually.

[move]
version = 3
manifest_digest = "E39986036E57F219DCDA4267ED94F8F79D9866EA075B76222D60AB921A42DF78"
deps_digest = "F8BBB0CCB2491CA29A3DF03D6F92277A4F3574266507ACD77214D37ECA3F3082"
dependencies = [
  { id = "Sui", name = "Sui" },
]

[[move.package]]
id = "MoveStdlib"
source = { git = "https://github.com/MystenLabs/sui.git", rev = "framework/testnet", subdir = "crates/sui-framework/packages/move-stdlib" }

[[move.package]]
id = "Sui"
source = { git = "https://github.com/MystenLabs/sui.git", rev = "framework/testnet", subdir = "crates/sui-framework/packages/sui-framework" }

dependencies = [
  { id = "MoveStdlib", name = "MoveStdlib" },
]

[move.toolchain-version]
compiler-version = "1.41.0"
edition = "2024.beta"
flavor = "sui"

[env]

[env.testnet]
chain-id = "4c78adac"
original-published-id = "0xc504213a0e46f67d06a4e19d3b2d49e43a55233e6ce9c0f338f8d16354c13a27"
latest-published-id = "0xc504213a0e46f67d06a4e19d3b2d49e43a55233e6ce9c0f338f8d16354c13a27"
published-version = "1"
