# @generated by Move, please check-in and do not edit manually.

[move]
version = 3
manifest_digest = "AC2BC60325295514C4AF47D16B6C95F902E299305001EC708E45D068A6B651C3"
deps_digest = "F8BBB0CCB2491CA29A3DF03D6F92277A4F3574266507ACD77214D37ECA3F3082"
dependencies = [
  { id = "Sui", name = "Sui" },
]

[[move.package]]
id = "MoveStdlib"
source = { git = "https://github.com/MystenLabs/sui.git", rev = "framework/testnet", subdir = "crates/sui-framework/packages/move-stdlib" }

[[move.package]]
id = "Sui"
source = { git = "https://github.com/MystenLabs/sui.git", rev = "framework/testnet", subdir = "crates/sui-framework/packages/sui-framework" }

dependencies = [
  { id = "MoveStdlib", name = "MoveStdlib" },
]

[move.toolchain-version]
compiler-version = "1.39.1"
edition = "2024.beta"
flavor = "sui"

[env]

[env.testnet]
chain-id = "4c78adac"
original-published-id = "0x84194eb532335dd7067949a5390d5cdc8b20e07c4fbbddbdf9717dba32a0c2ef"
latest-published-id = "0x84194eb532335dd7067949a5390d5cdc8b20e07c4fbbddbdf9717dba32a0c2ef"
published-version = "1"
